
Microsoft Visual Studio Solution File, Format Version 12.00
# Visual Studio Version 17
VisualStudioVersion = 17.11.35312.102
MinimumVisualStudioVersion = 10.0.40219.1
Project("{9A19103F-16F7-4668-BE54-9A1E7A4F7556}") = "FistLecture_CW", "FistLecture\FistLecture_CW.csproj", "{67A29891-6DAD-4073-A523-8785C466E4F1}"
EndProject
Project("{9A19103F-16F7-4668-BE54-9A1E7A4F7556}") = "SecondLecture_String", "SecondLecture\SecondLecture_String.csproj", "{D71C83BC-FE3A-40C3-90A0-6361C31C1B55}"
EndProject
Project("{9A19103F-16F7-4668-BE54-9A1E7A4F7556}") = "ThirdLecture_IfStatement", "ThirdLecture\ThirdLecture_IfStatement.csproj", "{2C81C4D7-7762-47BB-97A0-F63687A34A3F}"
EndProject
Project("{9A19103F-16F7-4668-BE54-9A1E7A4F7556}") = "FourthLecture_SwitchCase", "FourthLecture\FourthLecture_SwitchCase.csproj", "{E31C4E1E-787D-453D-93B6-DC933229A52E}"
EndProject
Project("{9A19103F-16F7-4668-BE54-9A1E7A4F7556}") = "FifthLecture_StringManipulation", "FifthLecture_StringManipulation\FifthLecture_StringManipulation.csproj", "{475574B2-75F2-4024-9512-EEF3A5FEF10B}"
EndProject
Project("{FAE04EC0-301F-11D3-BF4B-00C04F79EFBC}") = "SixthLecture_Cycles", "SixthLecture_For\SixthLecture_Cycles.csproj", "{B89141DA-2008-4CDD-9584-778BF08C1CA2}"
EndProject
Project("{FAE04EC0-301F-11D3-BF4B-00C04F79EFBC}") = "SeventhLecture_Methods", "SeventhLecture_Methods\SeventhLecture_Methods.csproj", "{F8F43DF5-F7FA-4E6F-9345-1C5695BE58B4}"
EndProject
Project("{FAE04EC0-301F-11D3-BF4B-00C04F79EFBC}") = "EighthLecture_UnitTest", "EighthLecture_UnitTest\EighthLecture_UnitTest.csproj", "{761AB0EA-2301-482A-A047-9994D47BB850}"
EndProject
Project("{FAE04EC0-301F-11D3-BF4B-00C04F79EFBC}") = "EighthLecture_Tests", "EighthLecture_Tests\EighthLecture_Tests.csproj", "{7C28D629-ED50-4830-BB96-3C9F1CA456CB}"
EndProject
Project("{FAE04EC0-301F-11D3-BF4B-00C04F79EFBC}") = "LectureNine_RefOut", "LectureNine_RefOut\LectureNine_RefOut.csproj", "{5B26B62A-1A61-4412-B1F1-FA6C096F6B0D}"
EndProject
Project("{FAE04EC0-301F-11D3-BF4B-00C04F79EFBC}") = "LectureTen_ForCycle", "LectureTen_ForCycle\LectureTen_ForCycle.csproj", "{FC5B5DD5-6BEE-44D8-9AF6-D7166722F315}"
EndProject
Project("{FAE04EC0-301F-11D3-BF4B-00C04F79EFBC}") = "LectureEleven_Debug", "LectureEleven_Debug\LectureEleven_Debug.csproj", "{3239AA22-DBDA-414E-B4AE-B4277B04FEDF}"
EndProject
Project("{FAE04EC0-301F-11D3-BF4B-00C04F79EFBC}") = "LectureTwelve_Arrays", "LectureTwelve_Arrays\LectureTwelve_Arrays.csproj", "{823DE0B7-2835-4FAE-A66C-20BDF1530E97}"
EndProject
Project("{FAE04EC0-301F-11D3-BF4B-00C04F79EFBC}") = "LectureTwelve_Tests", "LectureTwelve_Tests\LectureTwelve_Tests.csproj", "{39906B1D-AC7C-46ED-8DD8-CA6D0D8BD75F}"
EndProject
Project("{FAE04EC0-301F-11D3-BF4B-00C04F79EFBC}") = "LectureThirteen", "LectureThirteen\LectureThirteen.csproj", "{1293F7EC-AAD8-49A6-B6FD-9D2202B8A6E9}"
EndProject
Project("{FAE04EC0-301F-11D3-BF4B-00C04F79EFBC}") = "LectureThirteenTests", "LectureThirteenTests\LectureThirteenTests.csproj", "{D88276AD-B743-4EE2-9055-79DB33566885}"
EndProject
Project("{FAE04EC0-301F-11D3-BF4B-00C04F79EFBC}") = "LectureFourteen_List", "LectureFourteen_List\LectureFourteen_List.csproj", "{6A7FDADD-EF7C-40AB-903A-102882BB4BFA}"
EndProject
Global
	GlobalSection(SolutionConfigurationPlatforms) = preSolution
		Debug|Any CPU = Debug|Any CPU
		Release|Any CPU = Release|Any CPU
	EndGlobalSection
	GlobalSection(ProjectConfigurationPlatforms) = postSolution
		{67A29891-6DAD-4073-A523-8785C466E4F1}.Debug|Any CPU.ActiveCfg = Debug|Any CPU
		{67A29891-6DAD-4073-A523-8785C466E4F1}.Debug|Any CPU.Build.0 = Debug|Any CPU
		{67A29891-6DAD-4073-A523-8785C466E4F1}.Release|Any CPU.ActiveCfg = Release|Any CPU
		{67A29891-6DAD-4073-A523-8785C466E4F1}.Release|Any CPU.Build.0 = Release|Any CPU
		{D71C83BC-FE3A-40C3-90A0-6361C31C1B55}.Debug|Any CPU.ActiveCfg = Debug|Any CPU
		{D71C83BC-FE3A-40C3-90A0-6361C31C1B55}.Debug|Any CPU.Build.0 = Debug|Any CPU
		{D71C83BC-FE3A-40C3-90A0-6361C31C1B55}.Release|Any CPU.ActiveCfg = Release|Any CPU
		{D71C83BC-FE3A-40C3-90A0-6361C31C1B55}.Release|Any CPU.Build.0 = Release|Any CPU
		{2C81C4D7-7762-47BB-97A0-F63687A34A3F}.Debug|Any CPU.ActiveCfg = Debug|Any CPU
		{2C81C4D7-7762-47BB-97A0-F63687A34A3F}.Debug|Any CPU.Build.0 = Debug|Any CPU
		{2C81C4D7-7762-47BB-97A0-F63687A34A3F}.Release|Any CPU.ActiveCfg = Release|Any CPU
		{2C81C4D7-7762-47BB-97A0-F63687A34A3F}.Release|Any CPU.Build.0 = Release|Any CPU
		{E31C4E1E-787D-453D-93B6-DC933229A52E}.Debug|Any CPU.ActiveCfg = Debug|Any CPU
		{E31C4E1E-787D-453D-93B6-DC933229A52E}.Debug|Any CPU.Build.0 = Debug|Any CPU
		{E31C4E1E-787D-453D-93B6-DC933229A52E}.Release|Any CPU.ActiveCfg = Release|Any CPU
		{E31C4E1E-787D-453D-93B6-DC933229A52E}.Release|Any CPU.Build.0 = Release|Any CPU
		{475574B2-75F2-4024-9512-EEF3A5FEF10B}.Debug|Any CPU.ActiveCfg = Debug|Any CPU
		{475574B2-75F2-4024-9512-EEF3A5FEF10B}.Debug|Any CPU.Build.0 = Debug|Any CPU
		{475574B2-75F2-4024-9512-EEF3A5FEF10B}.Release|Any CPU.ActiveCfg = Release|Any CPU
		{475574B2-75F2-4024-9512-EEF3A5FEF10B}.Release|Any CPU.Build.0 = Release|Any CPU
		{B89141DA-2008-4CDD-9584-778BF08C1CA2}.Debug|Any CPU.ActiveCfg = Debug|Any CPU
		{B89141DA-2008-4CDD-9584-778BF08C1CA2}.Debug|Any CPU.Build.0 = Debug|Any CPU
		{B89141DA-2008-4CDD-9584-778BF08C1CA2}.Release|Any CPU.ActiveCfg = Release|Any CPU
		{B89141DA-2008-4CDD-9584-778BF08C1CA2}.Release|Any CPU.Build.0 = Release|Any CPU
		{F8F43DF5-F7FA-4E6F-9345-1C5695BE58B4}.Debug|Any CPU.ActiveCfg = Debug|Any CPU
		{F8F43DF5-F7FA-4E6F-9345-1C5695BE58B4}.Debug|Any CPU.Build.0 = Debug|Any CPU
		{F8F43DF5-F7FA-4E6F-9345-1C5695BE58B4}.Release|Any CPU.ActiveCfg = Release|Any CPU
		{F8F43DF5-F7FA-4E6F-9345-1C5695BE58B4}.Release|Any CPU.Build.0 = Release|Any CPU
		{761AB0EA-2301-482A-A047-9994D47BB850}.Debug|Any CPU.ActiveCfg = Debug|Any CPU
		{761AB0EA-2301-482A-A047-9994D47BB850}.Debug|Any CPU.Build.0 = Debug|Any CPU
		{761AB0EA-2301-482A-A047-9994D47BB850}.Release|Any CPU.ActiveCfg = Release|Any CPU
		{761AB0EA-2301-482A-A047-9994D47BB850}.Release|Any CPU.Build.0 = Release|Any CPU
		{7C28D629-ED50-4830-BB96-3C9F1CA456CB}.Debug|Any CPU.ActiveCfg = Debug|Any CPU
		{7C28D629-ED50-4830-BB96-3C9F1CA456CB}.Debug|Any CPU.Build.0 = Debug|Any CPU
		{7C28D629-ED50-4830-BB96-3C9F1CA456CB}.Release|Any CPU.ActiveCfg = Release|Any CPU
		{7C28D629-ED50-4830-BB96-3C9F1CA456CB}.Release|Any CPU.Build.0 = Release|Any CPU
		{5B26B62A-1A61-4412-B1F1-FA6C096F6B0D}.Debug|Any CPU.ActiveCfg = Debug|Any CPU
		{5B26B62A-1A61-4412-B1F1-FA6C096F6B0D}.Debug|Any CPU.Build.0 = Debug|Any CPU
		{5B26B62A-1A61-4412-B1F1-FA6C096F6B0D}.Release|Any CPU.ActiveCfg = Release|Any CPU
		{5B26B62A-1A61-4412-B1F1-FA6C096F6B0D}.Release|Any CPU.Build.0 = Release|Any CPU
		{FC5B5DD5-6BEE-44D8-9AF6-D7166722F315}.Debug|Any CPU.ActiveCfg = Debug|Any CPU
		{FC5B5DD5-6BEE-44D8-9AF6-D7166722F315}.Debug|Any CPU.Build.0 = Debug|Any CPU
		{FC5B5DD5-6BEE-44D8-9AF6-D7166722F315}.Release|Any CPU.ActiveCfg = Release|Any CPU
		{FC5B5DD5-6BEE-44D8-9AF6-D7166722F315}.Release|Any CPU.Build.0 = Release|Any CPU
		{3239AA22-DBDA-414E-B4AE-B4277B04FEDF}.Debug|Any CPU.ActiveCfg = Debug|Any CPU
		{3239AA22-DBDA-414E-B4AE-B4277B04FEDF}.Debug|Any CPU.Build.0 = Debug|Any CPU
		{3239AA22-DBDA-414E-B4AE-B4277B04FEDF}.Release|Any CPU.ActiveCfg = Release|Any CPU
		{3239AA22-DBDA-414E-B4AE-B4277B04FEDF}.Release|Any CPU.Build.0 = Release|Any CPU
		{823DE0B7-2835-4FAE-A66C-20BDF1530E97}.Debug|Any CPU.ActiveCfg = Debug|Any CPU
		{823DE0B7-2835-4FAE-A66C-20BDF1530E97}.Debug|Any CPU.Build.0 = Debug|Any CPU
		{823DE0B7-2835-4FAE-A66C-20BDF1530E97}.Release|Any CPU.ActiveCfg = Release|Any CPU
		{823DE0B7-2835-4FAE-A66C-20BDF1530E97}.Release|Any CPU.Build.0 = Release|Any CPU
		{39906B1D-AC7C-46ED-8DD8-CA6D0D8BD75F}.Debug|Any CPU.ActiveCfg = Debug|Any CPU
		{39906B1D-AC7C-46ED-8DD8-CA6D0D8BD75F}.Debug|Any CPU.Build.0 = Debug|Any CPU
		{39906B1D-AC7C-46ED-8DD8-CA6D0D8BD75F}.Release|Any CPU.ActiveCfg = Release|Any CPU
		{39906B1D-AC7C-46ED-8DD8-CA6D0D8BD75F}.Release|Any CPU.Build.0 = Release|Any CPU
		{1293F7EC-AAD8-49A6-B6FD-9D2202B8A6E9}.Debug|Any CPU.ActiveCfg = Debug|Any CPU
		{1293F7EC-AAD8-49A6-B6FD-9D2202B8A6E9}.Debug|Any CPU.Build.0 = Debug|Any CPU
		{1293F7EC-AAD8-49A6-B6FD-9D2202B8A6E9}.Release|Any CPU.ActiveCfg = Release|Any CPU
		{1293F7EC-AAD8-49A6-B6FD-9D2202B8A6E9}.Release|Any CPU.Build.0 = Release|Any CPU
		{D88276AD-B743-4EE2-9055-79DB33566885}.Debug|Any CPU.ActiveCfg = Debug|Any CPU
		{D88276AD-B743-4EE2-9055-79DB33566885}.Debug|Any CPU.Build.0 = Debug|Any CPU
		{D88276AD-B743-4EE2-9055-79DB33566885}.Release|Any CPU.ActiveCfg = Release|Any CPU
		{D88276AD-B743-4EE2-9055-79DB33566885}.Release|Any CPU.Build.0 = Release|Any CPU
		{6A7FDADD-EF7C-40AB-903A-102882BB4BFA}.Debug|Any CPU.ActiveCfg = Debug|Any CPU
		{6A7FDADD-EF7C-40AB-903A-102882BB4BFA}.Debug|Any CPU.Build.0 = Debug|Any CPU
		{6A7FDADD-EF7C-40AB-903A-102882BB4BFA}.Release|Any CPU.ActiveCfg = Release|Any CPU
		{6A7FDADD-EF7C-40AB-903A-102882BB4BFA}.Release|Any CPU.Build.0 = Release|Any CPU
	EndGlobalSection
	GlobalSection(SolutionProperties) = preSolution
		HideSolutionNode = FALSE
	EndGlobalSection
	GlobalSection(ExtensibilityGlobals) = postSolution
		SolutionGuid = {94CDE327-49AE-48CF-B0D2-1A022CFE67DB}
	EndGlobalSection
EndGlobal
