
Microsoft Visual Studio Solution File, Format Version 12.00
# Visual Studio Version 17
VisualStudioVersion = 17.11.35312.102
MinimumVisualStudioVersion = 10.0.40219.1
Project("{9A19103F-16F7-4668-BE54-9A1E7A4F7556}") = "FistLecture_CW", "FistLecture\FistLecture_CW.csproj", "{67A29891-6DAD-4073-A523-8785C466E4F1}"
EndProject
Project("{9A19103F-16F7-4668-BE54-9A1E7A4F7556}") = "SecondLecture_String", "SecondLecture\SecondLecture_String.csproj", "{D71C83BC-FE3A-40C3-90A0-6361C31C1B55}"
EndProject
Project("{9A19103F-16F7-4668-BE54-9A1E7A4F7556}") = "ThirdLecture_IfStatement", "ThirdLecture\ThirdLecture_IfStatement.csproj", "{2C81C4D7-7762-47BB-97A0-F63687A34A3F}"
EndProject
Project("{9A19103F-16F7-4668-BE54-9A1E7A4F7556}") = "FourthLecture_SwitchCase", "FourthLecture\FourthLecture_SwitchCase.csproj", "{E31C4E1E-787D-453D-93B6-DC933229A52E}"
EndProject
Project("{9A19103F-16F7-4668-BE54-9A1E7A4F7556}") = "FifthLecture_StringManipulation", "FifthLecture_StringManipulation\FifthLecture_StringManipulation.csproj", "{475574B2-75F2-4024-9512-EEF3A5FEF10B}"
EndProject
Project("{FAE04EC0-301F-11D3-BF4B-00C04F79EFBC}") = "SixthLecture_For", "SixthLecture_For\SixthLecture_For.csproj", "{B89141DA-2008-4CDD-9584-778BF08C1CA2}"
EndProject
Global
	GlobalSection(SolutionConfigurationPlatforms) = preSolution
		Debug|Any CPU = Debug|Any CPU
		Release|Any CPU = Release|Any CPU
	EndGlobalSection
	GlobalSection(ProjectConfigurationPlatforms) = postSolution
		{67A29891-6DAD-4073-A523-8785C466E4F1}.Debug|Any CPU.ActiveCfg = Debug|Any CPU
		{67A29891-6DAD-4073-A523-8785C466E4F1}.Debug|Any CPU.Build.0 = Debug|Any CPU
		{67A29891-6DAD-4073-A523-8785C466E4F1}.Release|Any CPU.ActiveCfg = Release|Any CPU
		{67A29891-6DAD-4073-A523-8785C466E4F1}.Release|Any CPU.Build.0 = Release|Any CPU
		{D71C83BC-FE3A-40C3-90A0-6361C31C1B55}.Debug|Any CPU.ActiveCfg = Debug|Any CPU
		{D71C83BC-FE3A-40C3-90A0-6361C31C1B55}.Debug|Any CPU.Build.0 = Debug|Any CPU
		{D71C83BC-FE3A-40C3-90A0-6361C31C1B55}.Release|Any CPU.ActiveCfg = Release|Any CPU
		{D71C83BC-FE3A-40C3-90A0-6361C31C1B55}.Release|Any CPU.Build.0 = Release|Any CPU
		{2C81C4D7-7762-47BB-97A0-F63687A34A3F}.Debug|Any CPU.ActiveCfg = Debug|Any CPU
		{2C81C4D7-7762-47BB-97A0-F63687A34A3F}.Debug|Any CPU.Build.0 = Debug|Any CPU
		{2C81C4D7-7762-47BB-97A0-F63687A34A3F}.Release|Any CPU.ActiveCfg = Release|Any CPU
		{2C81C4D7-7762-47BB-97A0-F63687A34A3F}.Release|Any CPU.Build.0 = Release|Any CPU
		{E31C4E1E-787D-453D-93B6-DC933229A52E}.Debug|Any CPU.ActiveCfg = Debug|Any CPU
		{E31C4E1E-787D-453D-93B6-DC933229A52E}.Debug|Any CPU.Build.0 = Debug|Any CPU
		{E31C4E1E-787D-453D-93B6-DC933229A52E}.Release|Any CPU.ActiveCfg = Release|Any CPU
		{E31C4E1E-787D-453D-93B6-DC933229A52E}.Release|Any CPU.Build.0 = Release|Any CPU
		{475574B2-75F2-4024-9512-EEF3A5FEF10B}.Debug|Any CPU.ActiveCfg = Debug|Any CPU
		{475574B2-75F2-4024-9512-EEF3A5FEF10B}.Debug|Any CPU.Build.0 = Debug|Any CPU
		{475574B2-75F2-4024-9512-EEF3A5FEF10B}.Release|Any CPU.ActiveCfg = Release|Any CPU
		{475574B2-75F2-4024-9512-EEF3A5FEF10B}.Release|Any CPU.Build.0 = Release|Any CPU
		{B89141DA-2008-4CDD-9584-778BF08C1CA2}.Debug|Any CPU.ActiveCfg = Debug|Any CPU
		{B89141DA-2008-4CDD-9584-778BF08C1CA2}.Debug|Any CPU.Build.0 = Debug|Any CPU
		{B89141DA-2008-4CDD-9584-778BF08C1CA2}.Release|Any CPU.ActiveCfg = Release|Any CPU
		{B89141DA-2008-4CDD-9584-778BF08C1CA2}.Release|Any CPU.Build.0 = Release|Any CPU
	EndGlobalSection
	GlobalSection(SolutionProperties) = preSolution
		HideSolutionNode = FALSE
	EndGlobalSection
	GlobalSection(ExtensibilityGlobals) = postSolution
		SolutionGuid = {94CDE327-49AE-48CF-B0D2-1A022CFE67DB}
	EndGlobalSection
EndGlobal
