
Microsoft Visual Studio Solution File, Format Version 12.00
# Visual Studio Version 17
VisualStudioVersion = 17.11.35312.102
MinimumVisualStudioVersion = 10.0.40219.1
Project("{9A19103F-16F7-4668-BE54-9A1E7A4F7556}") = "FistLecture", "FistLecture\FistLecture.csproj", "{67A29891-6DAD-4073-A523-8785C466E4F1}"
EndProject
Project("{FAE04EC0-301F-11D3-BF4B-00C04F79EFBC}") = "SecondLecture", "SecondLecture\SecondLecture.csproj", "{D71C83BC-FE3A-40C3-90A0-6361C31C1B55}"
EndProject
Global
	GlobalSection(SolutionConfigurationPlatforms) = preSolution
		Debug|Any CPU = Debug|Any CPU
		Release|Any CPU = Release|Any CPU
	EndGlobalSection
	GlobalSection(ProjectConfigurationPlatforms) = postSolution
		{67A29891-6DAD-4073-A523-8785C466E4F1}.Debug|Any CPU.ActiveCfg = Debug|Any CPU
		{67A29891-6DAD-4073-A523-8785C466E4F1}.Debug|Any CPU.Build.0 = Debug|Any CPU
		{67A29891-6DAD-4073-A523-8785C466E4F1}.Release|Any CPU.ActiveCfg = Release|Any CPU
		{67A29891-6DAD-4073-A523-8785C466E4F1}.Release|Any CPU.Build.0 = Release|Any CPU
		{D71C83BC-FE3A-40C3-90A0-6361C31C1B55}.Debug|Any CPU.ActiveCfg = Debug|Any CPU
		{D71C83BC-FE3A-40C3-90A0-6361C31C1B55}.Debug|Any CPU.Build.0 = Debug|Any CPU
		{D71C83BC-FE3A-40C3-90A0-6361C31C1B55}.Release|Any CPU.ActiveCfg = Release|Any CPU
		{D71C83BC-FE3A-40C3-90A0-6361C31C1B55}.Release|Any CPU.Build.0 = Release|Any CPU
	EndGlobalSection
	GlobalSection(SolutionProperties) = preSolution
		HideSolutionNode = FALSE
	EndGlobalSection
	GlobalSection(ExtensibilityGlobals) = postSolution
		SolutionGuid = {94CDE327-49AE-48CF-B0D2-1A022CFE67DB}
	EndGlobalSection
EndGlobal
